
Microsoft Visual Studio Solution File, Format Version 12.00
# Visual Studio Version 17
VisualStudioVersion = 17.9.34714.143
MinimumVisualStudioVersion = 10.0.40219.1
Project("{FAE04EC0-301F-11D3-BF4B-00C04F79EFBC}") = "Constructors", "Constructors\Constructors.csproj", "{39F4DBB9-6B77-4592-970A-591525C49D82}"
EndProject
Global
	GlobalSection(SolutionConfigurationPlatforms) = preSolution
		Debug|Any CPU = Debug|Any CPU
		Release|Any CPU = Release|Any CPU
	EndGlobalSection
	GlobalSection(ProjectConfigurationPlatforms) = postSolution
		{39F4DBB9-6B77-4592-970A-591525C49D82}.Debug|Any CPU.ActiveCfg = Debug|Any CPU
		{39F4DBB9-6B77-4592-970A-591525C49D82}.Debug|Any CPU.Build.0 = Debug|Any CPU
		{39F4DBB9-6B77-4592-970A-591525C49D82}.Release|Any CPU.ActiveCfg = Release|Any CPU
		{39F4DBB9-6B77-4592-970A-591525C49D82}.Release|Any CPU.Build.0 = Release|Any CPU
	EndGlobalSection
	GlobalSection(SolutionProperties) = preSolution
		HideSolutionNode = FALSE
	EndGlobalSection
	GlobalSection(ExtensibilityGlobals) = postSolution
		SolutionGuid = {E1F23E92-A0E7-4574-8936-6B7621E8752C}
	EndGlobalSection
EndGlobal
